github.com/8beeeaaat/ixdtf v0.4.0 h1:VkiH12Uo7NNxOOodQBL1KCfXLHn7wq5jNgnssGloCx4=
github.com/8beeeaaat/ixdtf v0.4.0/go.mod h1:sy0iNSsYtijr3SV3nrdVQY8o/feKFTLj4wMt+X0HENM=
github.com/syumai/workers v0.33.0 h1:ku24TZT8m32leS5wYId1F+pGPVXhl+TPnxaDwbr66y4=
github.com/syumai/workers v0.33.0/go.mod h1:ZnqmdiHNBrbxOLrZ/HJ5jzHy6af9cmiNZk10R9NrIEA=
